// !$*UTF8*$!
{
	archiveVersion = 1;
	classes = {
	};
	objectVersion = 51;
	objects = {

/* Begin PBXBuildFile section */
		7E58EBCD23FF823700B57F36 /* AppDelegate.swift in Sources */ = {isa = PBXBuildFile; fileRef = 7E58EBCC23FF823700B57F36 /* AppDelegate.swift */; };
		7E58EBCF23FF823700B57F36 /* SceneDelegate.swift in Sources */ = {isa = PBXBuildFile; fileRef = 7E58EBCE23FF823700B57F36 /* SceneDelegate.swift */; };
		7E58EBD123FF823700B57F36 /* ViewController.swift in Sources */ = {isa = PBXBuildFile; fileRef = 7E58EBD023FF823700B57F36 /* ViewController.swift */; };
		7E58EBD423FF823700B57F36 /* Main.storyboard in Resources */ = {isa = PBXBuildFile; fileRef = 7E58EBD223FF823700B57F36 /* Main.storyboard */; };
		7E58EBD623FF823900B57F36 /* Assets.xcassets in Resources */ = {isa = PBXBuildFile; fileRef = 7E58EBD523FF823900B57F36 /* Assets.xcassets */; };
		7E58EBD923FF823900B57F36 /* LaunchScreen.storyboard in Resources */ = {isa = PBXBuildFile; fileRef = 7E58EBD723FF823900B57F36 /* LaunchScreen.storyboard */; };
		7E58EBE123FF82A700B57F36 /* GoogleService-Info.plist in Resources */ = {isa = PBXBuildFile; fileRef = 7E58EBE023FF82A700B57F36 /* GoogleService-Info.plist */; };
		7E58EBE32401AA6600B57F36 /* LoginViewController.swift in Sources */ = {isa = PBXBuildFile; fileRef = 7E58EBE22401AA6600B57F36 /* LoginViewController.swift */; };
		7E58EBE52401AA7700B57F36 /* SignupViewController.swift in Sources */ = {isa = PBXBuildFile; fileRef = 7E58EBE42401AA7700B57F36 /* SignupViewController.swift */; };
		7E58EBE72401AD9600B57F36 /* FeedViewController.swift in Sources */ = {isa = PBXBuildFile; fileRef = 7E58EBE62401AD9600B57F36 /* FeedViewController.swift */; };
		7E58EBE92401AFED00B57F36 /* Constants.swift in Sources */ = {isa = PBXBuildFile; fileRef = 7E58EBE82401AFED00B57F36 /* Constants.swift */; };
		7E58EBEB2401C3BC00B57F36 /* CameraHandler.swift in Sources */ = {isa = PBXBuildFile; fileRef = 7E58EBEA2401C3BC00B57F36 /* CameraHandler.swift */; };
		7E6600DE2405E1B900A5ECF7 /* QuestCreateController.swift in Sources */ = {isa = PBXBuildFile; fileRef = 7E6600DD2405E1B900A5ECF7 /* QuestCreateController.swift */; };
		7E6600E02405ED8400A5ECF7 /* QuestLocation.swift in Sources */ = {isa = PBXBuildFile; fileRef = 7E6600DF2405ED8400A5ECF7 /* QuestLocation.swift */; };
		A7CD9825F6503CC0E16A6B4A /* Pods_NewRootes.framework in Frameworks */ = {isa = PBXBuildFile; fileRef = 9D8504574A0A5C85B347AF74 /* Pods_NewRootes.framework */; };
/* End PBXBuildFile section */

/* Begin PBXFileReference section */
		042B7F7A277D7AB74A3FC37D /* Pods-NewRootes.debug.xcconfig */ = {isa = PBXFileReference; includeInIndex = 1; lastKnownFileType = text.xcconfig; name = "Pods-NewRootes.debug.xcconfig"; path = "Target Support Files/Pods-NewRootes/Pods-NewRootes.debug.xcconfig"; sourceTree = "<group>"; };
		0DDFB981CE32C7E3F7DC3DC7 /* Pods-NewRootes.release.xcconfig */ = {isa = PBXFileReference; includeInIndex = 1; lastKnownFileType = text.xcconfig; name = "Pods-NewRootes.release.xcconfig"; path = "Target Support Files/Pods-NewRootes/Pods-NewRootes.release.xcconfig"; sourceTree = "<group>"; };
		7E58EBC923FF823700B57F36 /* NewRootes.app */ = {isa = PBXFileReference; explicitFileType = wrapper.application; includeInIndex = 0; path = NewRootes.app; sourceTree = BUILT_PRODUCTS_DIR; };
		7E58EBCC23FF823700B57F36 /* AppDelegate.swift */ = {isa = PBXFileReference; lastKnownFileType = sourcecode.swift; path = AppDelegate.swift; sourceTree = "<group>"; };
		7E58EBCE23FF823700B57F36 /* SceneDelegate.swift */ = {isa = PBXFileReference; lastKnownFileType = sourcecode.swift; path = SceneDelegate.swift; sourceTree = "<group>"; };
		7E58EBD023FF823700B57F36 /* ViewController.swift */ = {isa = PBXFileReference; lastKnownFileType = sourcecode.swift; path = ViewController.swift; sourceTree = "<group>"; };
		7E58EBD323FF823700B57F36 /* Base */ = {isa = PBXFileReference; lastKnownFileType = file.storyboard; name = Base; path = Base.lproj/Main.storyboard; sourceTree = "<group>"; };
		7E58EBD523FF823900B57F36 /* Assets.xcassets */ = {isa = PBXFileReference; lastKnownFileType = folder.assetcatalog; path = Assets.xcassets; sourceTree = "<group>"; };
		7E58EBD823FF823900B57F36 /* Base */ = {isa = PBXFileReference; lastKnownFileType = file.storyboard; name = Base; path = Base.lproj/LaunchScreen.storyboard; sourceTree = "<group>"; };
		7E58EBDA23FF823900B57F36 /* Info.plist */ = {isa = PBXFileReference; lastKnownFileType = text.plist.xml; path = Info.plist; sourceTree = "<group>"; };
		7E58EBE023FF82A700B57F36 /* GoogleService-Info.plist */ = {isa = PBXFileReference; fileEncoding = 4; lastKnownFileType = text.plist.xml; path = "GoogleService-Info.plist"; sourceTree = "<group>"; };
		7E58EBE22401AA6600B57F36 /* LoginViewController.swift */ = {isa = PBXFileReference; lastKnownFileType = sourcecode.swift; path = LoginViewController.swift; sourceTree = "<group>"; };
		7E58EBE42401AA7700B57F36 /* SignupViewController.swift */ = {isa = PBXFileReference; lastKnownFileType = sourcecode.swift; path = SignupViewController.swift; sourceTree = "<group>"; };
		7E58EBE62401AD9600B57F36 /* FeedViewController.swift */ = {isa = PBXFileReference; lastKnownFileType = sourcecode.swift; path = FeedViewController.swift; sourceTree = "<group>"; };
		7E58EBE82401AFED00B57F36 /* Constants.swift */ = {isa = PBXFileReference; lastKnownFileType = sourcecode.swift; path = Constants.swift; sourceTree = "<group>"; };
		7E58EBEA2401C3BC00B57F36 /* CameraHandler.swift */ = {isa = PBXFileReference; lastKnownFileType = sourcecode.swift; path = CameraHandler.swift; sourceTree = "<group>"; };
		7E6600DD2405E1B900A5ECF7 /* QuestCreateController.swift */ = {isa = PBXFileReference; lastKnownFileType = sourcecode.swift; path = QuestCreateController.swift; sourceTree = "<group>"; };
		7E6600DF2405ED8400A5ECF7 /* QuestLocation.swift */ = {isa = PBXFileReference; lastKnownFileType = sourcecode.swift; path = QuestLocation.swift; sourceTree = "<group>"; };
		9D8504574A0A5C85B347AF74 /* Pods_NewRootes.framework */ = {isa = PBXFileReference; explicitFileType = wrapper.framework; includeInIndex = 0; path = Pods_NewRootes.framework; sourceTree = BUILT_PRODUCTS_DIR; };
/* End PBXFileReference section */

/* Begin PBXFrameworksBuildPhase section */
		7E58EBC623FF823700B57F36 /* Frameworks */ = {
			isa = PBXFrameworksBuildPhase;
			buildActionMask = 2147483647;
			files = (
				A7CD9825F6503CC0E16A6B4A /* Pods_NewRootes.framework in Frameworks */,
			);
			runOnlyForDeploymentPostprocessing = 0;
		};
/* End PBXFrameworksBuildPhase section */

/* Begin PBXGroup section */
		7E58EBC023FF823700B57F36 = {
			isa = PBXGroup;
			children = (
				7E58EBCB23FF823700B57F36 /* NewRootes */,
				7E58EBCA23FF823700B57F36 /* Products */,
				9424024AEFDC3BDD76E23632 /* Pods */,
				9CA7139AA00D8274A8D1DCF6 /* Frameworks */,
			);
			sourceTree = "<group>";
		};
		7E58EBCA23FF823700B57F36 /* Products */ = {
			isa = PBXGroup;
			children = (
				7E58EBC923FF823700B57F36 /* NewRootes.app */,
			);
			name = Products;
			sourceTree = "<group>";
		};
		7E58EBCB23FF823700B57F36 /* NewRootes */ = {
			isa = PBXGroup;
			children = (
				7E58EBCC23FF823700B57F36 /* AppDelegate.swift */,
				7E58EBCE23FF823700B57F36 /* SceneDelegate.swift */,
				7E6600DB2405E00D00A5ECF7 /* Model */,
				7E6600DA2405E00300A5ECF7 /* View */,
				7E6600D92405DFF100A5ECF7 /* Controllers */,
				7E6600DC2405E07200A5ECF7 /* Extensions */,
				7E58EBD523FF823900B57F36 /* Assets.xcassets */,
				7E58EBD723FF823900B57F36 /* LaunchScreen.storyboard */,
				7E58EBDA23FF823900B57F36 /* Info.plist */,
				7E58EBE023FF82A700B57F36 /* GoogleService-Info.plist */,
			);
			path = NewRootes;
			sourceTree = "<group>";
		};
		7E6600D92405DFF100A5ECF7 /* Controllers */ = {
			isa = PBXGroup;
			children = (
				7E58EBD023FF823700B57F36 /* ViewController.swift */,
				7E58EBE22401AA6600B57F36 /* LoginViewController.swift */,
				7E58EBE42401AA7700B57F36 /* SignupViewController.swift */,
				7E58EBE62401AD9600B57F36 /* FeedViewController.swift */,
				7E6600DD2405E1B900A5ECF7 /* QuestCreateController.swift */,
			);
			path = Controllers;
			sourceTree = "<group>";
		};
		7E6600DA2405E00300A5ECF7 /* View */ = {
			isa = PBXGroup;
			children = (
				7E58EBD223FF823700B57F36 /* Main.storyboard */,
			);
			path = View;
			sourceTree = "<group>";
		};
		7E6600DB2405E00D00A5ECF7 /* Model */ = {
			isa = PBXGroup;
			children = (
				7E6600DF2405ED8400A5ECF7 /* QuestLocation.swift */,
			);
			path = Model;
			sourceTree = "<group>";
		};
		7E6600DC2405E07200A5ECF7 /* Extensions */ = {
			isa = PBXGroup;
			children = (
				7E58EBEA2401C3BC00B57F36 /* CameraHandler.swift */,
				7E58EBE82401AFED00B57F36 /* Constants.swift */,
			);
			path = Extensions;
			sourceTree = "<group>";
		};
		9424024AEFDC3BDD76E23632 /* Pods */ = {
			isa = PBXGroup;
			children = (
				042B7F7A277D7AB74A3FC37D /* Pods-NewRootes.debug.xcconfig */,
				0DDFB981CE32C7E3F7DC3DC7 /* Pods-NewRootes.release.xcconfig */,
			);
			path = Pods;
			sourceTree = "<group>";
		};
		9CA7139AA00D8274A8D1DCF6 /* Frameworks */ = {
			isa = PBXGroup;
			children = (
				9D8504574A0A5C85B347AF74 /* Pods_NewRootes.framework */,
			);
			name = Frameworks;
			sourceTree = "<group>";
		};
/* End PBXGroup section */

/* Begin PBXNativeTarget section */
		7E58EBC823FF823700B57F36 /* NewRootes */ = {
			isa = PBXNativeTarget;
			buildConfigurationList = 7E58EBDD23FF823900B57F36 /* Build configuration list for PBXNativeTarget "NewRootes" */;
			buildPhases = (
				412B00B0D54FA2D644A09B7D /* [CP] Check Pods Manifest.lock */,
				7E58EBC523FF823700B57F36 /* Sources */,
				7E58EBC623FF823700B57F36 /* Frameworks */,
				7E58EBC723FF823700B57F36 /* Resources */,
				C92F7F1CB68753C49F795F54 /* [CP] Embed Pods Frameworks */,
			);
			buildRules = (
			);
			dependencies = (
			);
			name = NewRootes;
			productName = NewRootes;
			productReference = 7E58EBC923FF823700B57F36 /* NewRootes.app */;
			productType = "com.apple.product-type.application";
		};
/* End PBXNativeTarget section */

/* Begin PBXProject section */
		7E58EBC123FF823700B57F36 /* Project object */ = {
			isa = PBXProject;
			attributes = {
				LastSwiftUpdateCheck = 1130;
				LastUpgradeCheck = 1130;
				ORGANIZATIONNAME = "Alvaro Sanchez";
				TargetAttributes = {
					7E58EBC823FF823700B57F36 = {
						CreatedOnToolsVersion = 11.3.1;
					};
				};
			};
			buildConfigurationList = 7E58EBC423FF823700B57F36 /* Build configuration list for PBXProject "NewRootes" */;
			compatibilityVersion = "Xcode 9.3";
			developmentRegion = en;
			hasScannedForEncodings = 0;
			knownRegions = (
				en,
				Base,
			);
			mainGroup = 7E58EBC023FF823700B57F36;
			productRefGroup = 7E58EBCA23FF823700B57F36 /* Products */;
			projectDirPath = "";
			projectRoot = "";
			targets = (
				7E58EBC823FF823700B57F36 /* NewRootes */,
			);
		};
/* End PBXProject section */

/* Begin PBXResourcesBuildPhase section */
		7E58EBC723FF823700B57F36 /* Resources */ = {
			isa = PBXResourcesBuildPhase;
			buildActionMask = 2147483647;
			files = (
				7E58EBE123FF82A700B57F36 /* GoogleService-Info.plist in Resources */,
				7E58EBD923FF823900B57F36 /* LaunchScreen.storyboard in Resources */,
				7E58EBD623FF823900B57F36 /* Assets.xcassets in Resources */,
				7E58EBD423FF823700B57F36 /* Main.storyboard in Resources */,
			);
			runOnlyForDeploymentPostprocessing = 0;
		};
/* End PBXResourcesBuildPhase section */

/* Begin PBXShellScriptBuildPhase section */
		412B00B0D54FA2D644A09B7D /* [CP] Check Pods Manifest.lock */ = {
			isa = PBXShellScriptBuildPhase;
			buildActionMask = 2147483647;
			files = (
			);
			inputFileListPaths = (
			);
			inputPaths = (
				"${PODS_PODFILE_DIR_PATH}/Podfile.lock",
				"${PODS_ROOT}/Manifest.lock",
			);
			name = "[CP] Check Pods Manifest.lock";
			outputFileListPaths = (
			);
			outputPaths = (
				"$(DERIVED_FILE_DIR)/Pods-NewRootes-checkManifestLockResult.txt",
			);
			runOnlyForDeploymentPostprocessing = 0;
			shellPath = /bin/sh;
			shellScript = "diff \"${PODS_PODFILE_DIR_PATH}/Podfile.lock\" \"${PODS_ROOT}/Manifest.lock\" > /dev/null\nif [ $? != 0 ] ; then\n    # print error to STDERR\n    echo \"error: The sandbox is not in sync with the Podfile.lock. Run 'pod install' or update your CocoaPods installation.\" >&2\n    exit 1\nfi\n# This output is used by Xcode 'outputs' to avoid re-running this script phase.\necho \"SUCCESS\" > \"${SCRIPT_OUTPUT_FILE_0}\"\n";
			showEnvVarsInLog = 0;
		};
		C92F7F1CB68753C49F795F54 /* [CP] Embed Pods Frameworks */ = {
			isa = PBXShellScriptBuildPhase;
			buildActionMask = 2147483647;
			files = (
			);
			inputFileListPaths = (
				"${PODS_ROOT}/Target Support Files/Pods-NewRootes/Pods-NewRootes-frameworks-${CONFIGURATION}-input-files.xcfilelist",
			);
			name = "[CP] Embed Pods Frameworks";
			outputFileListPaths = (
				"${PODS_ROOT}/Target Support Files/Pods-NewRootes/Pods-NewRootes-frameworks-${CONFIGURATION}-output-files.xcfilelist",
			);
			runOnlyForDeploymentPostprocessing = 0;
			shellPath = /bin/sh;
			shellScript = "\"${PODS_ROOT}/Target Support Files/Pods-NewRootes/Pods-NewRootes-frameworks.sh\"\n";
			showEnvVarsInLog = 0;
		};
/* End PBXShellScriptBuildPhase section */

/* Begin PBXSourcesBuildPhase section */
		7E58EBC523FF823700B57F36 /* Sources */ = {
			isa = PBXSourcesBuildPhase;
			buildActionMask = 2147483647;
			files = (
				7E6600E02405ED8400A5ECF7 /* QuestLocation.swift in Sources */,
				7E58EBE32401AA6600B57F36 /* LoginViewController.swift in Sources */,
				7E6600DE2405E1B900A5ECF7 /* QuestCreateController.swift in Sources */,
				7E58EBD123FF823700B57F36 /* ViewController.swift in Sources */,
				7E58EBE52401AA7700B57F36 /* SignupViewController.swift in Sources */,
				7E58EBCD23FF823700B57F36 /* AppDelegate.swift in Sources */,
				7E58EBE92401AFED00B57F36 /* Constants.swift in Sources */,
				7E58EBEB2401C3BC00B57F36 /* CameraHandler.swift in Sources */,
				7E58EBE72401AD9600B57F36 /* FeedViewController.swift in Sources */,
				7E58EBCF23FF823700B57F36 /* SceneDelegate.swift in Sources */,
			);
			runOnlyForDeploymentPostprocessing = 0;
		};
/* End PBXSourcesBuildPhase section */

/* Begin PBXVariantGroup section */
		7E58EBD223FF823700B57F36 /* Main.storyboard */ = {
			isa = PBXVariantGroup;
			children = (
				7E58EBD323FF823700B57F36 /* Base */,
			);
			name = Main.storyboard;
			sourceTree = "<group>";
		};
		7E58EBD723FF823900B57F36 /* LaunchScreen.storyboard */ = {
			isa = PBXVariantGroup;
			children = (
				7E58EBD823FF823900B57F36 /* Base */,
			);
			name = LaunchScreen.storyboard;
			sourceTree = "<group>";
		};
/* End PBXVariantGroup section */

/* Begin XCBuildConfiguration section */
		7E58EBDB23FF823900B57F36 /* Debug */ = {
			isa = XCBuildConfiguration;
			buildSettings = {
				ALWAYS_SEARCH_USER_PATHS = NO;
				CLANG_ANALYZER_NONNULL = YES;
				CLANG_ANALYZER_NUMBER_OBJECT_CONVERSION = YES_AGGRESSIVE;
				CLANG_CXX_LANGUAGE_STANDARD = "gnu++14";
				CLANG_CXX_LIBRARY = "libc++";
				CLANG_ENABLE_MODULES = YES;
				CLANG_ENABLE_OBJC_ARC = YES;
				CLANG_ENABLE_OBJC_WEAK = YES;
				CLANG_WARN_BLOCK_CAPTURE_AUTORELEASING = YES;
				CLANG_WARN_BOOL_CONVERSION = YES;
				CLANG_WARN_COMMA = YES;
				CLANG_WARN_CONSTANT_CONVERSION = YES;
				CLANG_WARN_DEPRECATED_OBJC_IMPLEMENTATIONS = YES;
				CLANG_WARN_DIRECT_OBJC_ISA_USAGE = YES_ERROR;
				CLANG_WARN_DOCUMENTATION_COMMENTS = YES;
				CLANG_WARN_EMPTY_BODY = YES;
				CLANG_WARN_ENUM_CONVERSION = YES;
				CLANG_WARN_INFINITE_RECURSION = YES;
				CLANG_WARN_INT_CONVERSION = YES;
				CLANG_WARN_NON_LITERAL_NULL_CONVERSION = YES;
				CLANG_WARN_OBJC_IMPLICIT_RETAIN_SELF = YES;
				CLANG_WARN_OBJC_LITERAL_CONVERSION = YES;
				CLANG_WARN_OBJC_ROOT_CLASS = YES_ERROR;
				CLANG_WARN_RANGE_LOOP_ANALYSIS = YES;
				CLANG_WARN_STRICT_PROTOTYPES = YES;
				CLANG_WARN_SUSPICIOUS_MOVE = YES;
				CLANG_WARN_UNGUARDED_AVAILABILITY = YES_AGGRESSIVE;
				CLANG_WARN_UNREACHABLE_CODE = YES;
				CLANG_WARN__DUPLICATE_METHOD_MATCH = YES;
				COPY_PHASE_STRIP = NO;
				DEBUG_INFORMATION_FORMAT = dwarf;
				ENABLE_STRICT_OBJC_MSGSEND = YES;
				ENABLE_TESTABILITY = YES;
				GCC_C_LANGUAGE_STANDARD = gnu11;
				GCC_DYNAMIC_NO_PIC = NO;
				GCC_NO_COMMON_BLOCKS = YES;
				GCC_OPTIMIZATION_LEVEL = 0;
				GCC_PREPROCESSOR_DEFINITIONS = (
					"DEBUG=1",
					"$(inherited)",
				);
				GCC_WARN_64_TO_32_BIT_CONVERSION = YES;
				GCC_WARN_ABOUT_RETURN_TYPE = YES_ERROR;
				GCC_WARN_UNDECLARED_SELECTOR = YES;
				GCC_WARN_UNINITIALIZED_AUTOS = YES_AGGRESSIVE;
				GCC_WARN_UNUSED_FUNCTION = YES;
				GCC_WARN_UNUSED_VARIABLE = YES;
				IPHONEOS_DEPLOYMENT_TARGET = 13.2;
				MTL_ENABLE_DEBUG_INFO = INCLUDE_SOURCE;
				MTL_FAST_MATH = YES;
				ONLY_ACTIVE_ARCH = YES;
				SDKROOT = iphoneos;
				SWIFT_ACTIVE_COMPILATION_CONDITIONS = DEBUG;
				SWIFT_OPTIMIZATION_LEVEL = "-Onone";
			};
			name = Debug;
		};
		7E58EBDC23FF823900B57F36 /* Release */ = {
			isa = XCBuildConfiguration;
			buildSettings = {
				ALWAYS_SEARCH_USER_PATHS = NO;
				CLANG_ANALYZER_NONNULL = YES;
				CLANG_ANALYZER_NUMBER_OBJECT_CONVERSION = YES_AGGRESSIVE;
				CLANG_CXX_LANGUAGE_STANDARD = "gnu++14";
				CLANG_CXX_LIBRARY = "libc++";
				CLANG_ENABLE_MODULES = YES;
				CLANG_ENABLE_OBJC_ARC = YES;
				CLANG_ENABLE_OBJC_WEAK = YES;
				CLANG_WARN_BLOCK_CAPTURE_AUTORELEASING = YES;
				CLANG_WARN_BOOL_CONVERSION = YES;
				CLANG_WARN_COMMA = YES;
				CLANG_WARN_CONSTANT_CONVERSION = YES;
				CLANG_WARN_DEPRECATED_OBJC_IMPLEMENTATIONS = YES;
				CLANG_WARN_DIRECT_OBJC_ISA_USAGE = YES_ERROR;
				CLANG_WARN_DOCUMENTATION_COMMENTS = YES;
				CLANG_WARN_EMPTY_BODY = YES;
				CLANG_WARN_ENUM_CONVERSION = YES;
				CLANG_WARN_INFINITE_RECURSION = YES;
				CLANG_WARN_INT_CONVERSION = YES;
				CLANG_WARN_NON_LITERAL_NULL_CONVERSION = YES;
				CLANG_WARN_OBJC_IMPLICIT_RETAIN_SELF = YES;
				CLANG_WARN_OBJC_LITERAL_CONVERSION = YES;
				CLANG_WARN_OBJC_ROOT_CLASS = YES_ERROR;
				CLANG_WARN_RANGE_LOOP_ANALYSIS = YES;
				CLANG_WARN_STRICT_PROTOTYPES = YES;
				CLANG_WARN_SUSPICIOUS_MOVE = YES;
				CLANG_WARN_UNGUARDED_AVAILABILITY = YES_AGGRESSIVE;
				CLANG_WARN_UNREACHABLE_CODE = YES;
				CLANG_WARN__DUPLICATE_METHOD_MATCH = YES;
				COPY_PHASE_STRIP = NO;
				DEBUG_INFORMATION_FORMAT = "dwarf-with-dsym";
				ENABLE_NS_ASSERTIONS = NO;
				ENABLE_STRICT_OBJC_MSGSEND = YES;
				GCC_C_LANGUAGE_STANDARD = gnu11;
				GCC_NO_COMMON_BLOCKS = YES;
				GCC_WARN_64_TO_32_BIT_CONVERSION = YES;
				GCC_WARN_ABOUT_RETURN_TYPE = YES_ERROR;
				GCC_WARN_UNDECLARED_SELECTOR = YES;
				GCC_WARN_UNINITIALIZED_AUTOS = YES_AGGRESSIVE;
				GCC_WARN_UNUSED_FUNCTION = YES;
				GCC_WARN_UNUSED_VARIABLE = YES;
				IPHONEOS_DEPLOYMENT_TARGET = 13.2;
				MTL_ENABLE_DEBUG_INFO = NO;
				MTL_FAST_MATH = YES;
				SDKROOT = iphoneos;
				SWIFT_COMPILATION_MODE = wholemodule;
				SWIFT_OPTIMIZATION_LEVEL = "-O";
				VALIDATE_PRODUCT = YES;
			};
			name = Release;
		};
		7E58EBDE23FF823900B57F36 /* Debug */ = {
			isa = XCBuildConfiguration;
			baseConfigurationReference = 042B7F7A277D7AB74A3FC37D /* Pods-NewRootes.debug.xcconfig */;
			buildSettings = {
				ASSETCATALOG_COMPILER_APPICON_NAME = AppIcon;
				CODE_SIGN_STYLE = Automatic;
				DEVELOPMENT_TEAM = 7WNSYN8A33;
				INFOPLIST_FILE = NewRootes/Info.plist;
				LD_RUNPATH_SEARCH_PATHS = (
					"$(inherited)",
					"@executable_path/Frameworks",
				);
				PRODUCT_BUNDLE_IDENTIFIER = com.sanchez.NewRootes;
				PRODUCT_NAME = "$(TARGET_NAME)";
				SWIFT_VERSION = 5.0;
				TARGETED_DEVICE_FAMILY = "1,2";
			};
			name = Debug;
		};
		7E58EBDF23FF823900B57F36 /* Release */ = {
			isa = XCBuildConfiguration;
			baseConfigurationReference = 0DDFB981CE32C7E3F7DC3DC7 /* Pods-NewRootes.release.xcconfig */;
			buildSettings = {
				ASSETCATALOG_COMPILER_APPICON_NAME = AppIcon;
				CODE_SIGN_STYLE = Automatic;
				DEVELOPMENT_TEAM = 7WNSYN8A33;
				INFOPLIST_FILE = NewRootes/Info.plist;
				LD_RUNPATH_SEARCH_PATHS = (
					"$(inherited)",
					"@executable_path/Frameworks",
				);
				PRODUCT_BUNDLE_IDENTIFIER = com.sanchez.NewRootes;
				PRODUCT_NAME = "$(TARGET_NAME)";
				SWIFT_VERSION = 5.0;
				TARGETED_DEVICE_FAMILY = "1,2";
			};
			name = Release;
		};
/* End XCBuildConfiguration section */

/* Begin XCConfigurationList section */
		7E58EBC423FF823700B57F36 /* Build configuration list for PBXProject "NewRootes" */ = {
			isa = XCConfigurationList;
			buildConfigurations = (
				7E58EBDB23FF823900B57F36 /* Debug */,
				7E58EBDC23FF823900B57F36 /* Release */,
			);
			defaultConfigurationIsVisible = 0;
			defaultConfigurationName = Release;
		};
		7E58EBDD23FF823900B57F36 /* Build configuration list for PBXNativeTarget "NewRootes" */ = {
			isa = XCConfigurationList;
			buildConfigurations = (
				7E58EBDE23FF823900B57F36 /* Debug */,
				7E58EBDF23FF823900B57F36 /* Release */,
			);
			defaultConfigurationIsVisible = 0;
			defaultConfigurationName = Release;
		};
/* End XCConfigurationList section */
	};
	rootObject = 7E58EBC123FF823700B57F36 /* Project object */;
}
